
Microsoft Visual Studio Solution File, Format Version 12.00
# Visual Studio Version 17
VisualStudioVersion = 17.3.32929.385
MinimumVisualStudioVersion = 10.0.40219.1
Project("{888888A0-9F3D-457C-B088-3A5042F75D52}") = "Python_4", "Python_4.pyproj", "{47905009-8DE5-41BF-BF06-82ECAC6C7E15}"
EndProject
Global
	GlobalSection(SolutionConfigurationPlatforms) = preSolution
		Debug|Any CPU = Debug|Any CPU
		Release|Any CPU = Release|Any CPU
	EndGlobalSection
	GlobalSection(ProjectConfigurationPlatforms) = postSolution
		{47905009-8DE5-41BF-BF06-82ECAC6C7E15}.Debug|Any CPU.ActiveCfg = Debug|Any CPU
		{47905009-8DE5-41BF-BF06-82ECAC6C7E15}.Release|Any CPU.ActiveCfg = Release|Any CPU
	EndGlobalSection
	GlobalSection(SolutionProperties) = preSolution
		HideSolutionNode = FALSE
	EndGlobalSection
	GlobalSection(ExtensibilityGlobals) = postSolution
		SolutionGuid = {5F30408D-200B-418E-92D6-47A53FD3A573}
	EndGlobalSection
EndGlobal
